
Microsoft Visual Studio Solution File, Format Version 12.00
# Visual Studio Version 17
VisualStudioVersion = 17.0.31611.283
MinimumVisualStudioVersion = 10.0.40219.1
Project("{9A19103F-16F7-4668-BE54-9A1E7A4F7556}") = "SC4CleanitolWPF", "SC4CleanitolWPF\SC4CleanitolWPF.csproj", "{C1594F1F-425B-4E5E-A908-83303026475D}"
EndProject
Project("{9A19103F-16F7-4668-BE54-9A1E7A4F7556}") = "SC4CleanitolEngine", "SC4CleanitolEngine\SC4CleanitolEngine.csproj", "{C2C461BA-8B3D-4DAC-B199-9A120BF08818}"
EndProject
Project("{FAE04EC0-301F-11D3-BF4B-00C04F79EFBC}") = "SC4CleanitolConsole", "SC4CleanitolConsole\SC4CleanitolConsole.csproj", "{43CCBB71-B68A-4D2D-8211-3D983081BF2B}"
EndProject
Global
	GlobalSection(SolutionConfigurationPlatforms) = preSolution
		Debug|Any CPU = Debug|Any CPU
		Release|Any CPU = Release|Any CPU
	EndGlobalSection
	GlobalSection(ProjectConfigurationPlatforms) = postSolution
		{C1594F1F-425B-4E5E-A908-83303026475D}.Debug|Any CPU.ActiveCfg = Debug|Any CPU
		{C1594F1F-425B-4E5E-A908-83303026475D}.Debug|Any CPU.Build.0 = Debug|Any CPU
		{C1594F1F-425B-4E5E-A908-83303026475D}.Release|Any CPU.ActiveCfg = Release|Any CPU
		{C1594F1F-425B-4E5E-A908-83303026475D}.Release|Any CPU.Build.0 = Release|Any CPU
		{C2C461BA-8B3D-4DAC-B199-9A120BF08818}.Debug|Any CPU.ActiveCfg = Debug|Any CPU
		{C2C461BA-8B3D-4DAC-B199-9A120BF08818}.Debug|Any CPU.Build.0 = Debug|Any CPU
		{C2C461BA-8B3D-4DAC-B199-9A120BF08818}.Release|Any CPU.ActiveCfg = Release|Any CPU
		{C2C461BA-8B3D-4DAC-B199-9A120BF08818}.Release|Any CPU.Build.0 = Release|Any CPU
		{43CCBB71-B68A-4D2D-8211-3D983081BF2B}.Debug|Any CPU.ActiveCfg = Debug|Any CPU
		{43CCBB71-B68A-4D2D-8211-3D983081BF2B}.Debug|Any CPU.Build.0 = Debug|Any CPU
		{43CCBB71-B68A-4D2D-8211-3D983081BF2B}.Release|Any CPU.ActiveCfg = Release|Any CPU
		{43CCBB71-B68A-4D2D-8211-3D983081BF2B}.Release|Any CPU.Build.0 = Release|Any CPU
	EndGlobalSection
	GlobalSection(SolutionProperties) = preSolution
		HideSolutionNode = FALSE
	EndGlobalSection
	GlobalSection(ExtensibilityGlobals) = postSolution
		SolutionGuid = {61F7FB11-1E47-470C-91E2-47F8143E1572}
	EndGlobalSection
EndGlobal
